// !$*UTF8*$!
{
	archiveVersion = 1;
	classes = {
	};
	objectVersion = 46;
	objects = {

/* Begin PBXBuildFile section */
		4AFD29F318F9299900BA23BE /* Foundation.framework in Frameworks */ = {isa = PBXBuildFile; fileRef = 4AFD29F218F9299900BA23BE /* Foundation.framework */; };
		4AFD29F518F9299900BA23BE /* CoreGraphics.framework in Frameworks */ = {isa = PBXBuildFile; fileRef = 4AFD29F418F9299900BA23BE /* CoreGraphics.framework */; };
		4AFD29F718F9299900BA23BE /* UIKit.framework in Frameworks */ = {isa = PBXBuildFile; fileRef = 4AFD29F618F9299900BA23BE /* UIKit.framework */; };
		4AFD29FD18F9299900BA23BE /* InfoPlist.strings in Resources */ = {isa = PBXBuildFile; fileRef = 4AFD29FB18F9299900BA23BE /* InfoPlist.strings */; };
		4AFD29FF18F9299900BA23BE /* main.m in Sources */ = {isa = PBXBuildFile; fileRef = 4AFD29FE18F9299900BA23BE /* main.m */; };
		4AFD2A0318F9299900BA23BE /* VBAppDelegate.m in Sources */ = {isa = PBXBuildFile; fileRef = 4AFD2A0218F9299900BA23BE /* VBAppDelegate.m */; };
		4AFD2A0618F9299900BA23BE /* Main.storyboard in Resources */ = {isa = PBXBuildFile; fileRef = 4AFD2A0418F9299900BA23BE /* Main.storyboard */; };
		4AFD2A0B18F9299900BA23BE /* Images.xcassets in Resources */ = {isa = PBXBuildFile; fileRef = 4AFD2A0A18F9299900BA23BE /* Images.xcassets */; };
		4AFD2A1218F9299900BA23BE /* XCTest.framework in Frameworks */ = {isa = PBXBuildFile; fileRef = 4AFD2A1118F9299900BA23BE /* XCTest.framework */; };
		4AFD2A1318F9299900BA23BE /* Foundation.framework in Frameworks */ = {isa = PBXBuildFile; fileRef = 4AFD29F218F9299900BA23BE /* Foundation.framework */; };
		4AFD2A1418F9299900BA23BE /* UIKit.framework in Frameworks */ = {isa = PBXBuildFile; fileRef = 4AFD29F618F9299900BA23BE /* UIKit.framework */; };
		4AFD2A1C18F9299900BA23BE /* InfoPlist.strings in Resources */ = {isa = PBXBuildFile; fileRef = 4AFD2A1A18F9299900BA23BE /* InfoPlist.strings */; };
		4AFD2A1E18F9299900BA23BE /* VirtualBeaconTests.m in Sources */ = {isa = PBXBuildFile; fileRef = 4AFD2A1D18F9299900BA23BE /* VirtualBeaconTests.m */; };
		4AFD2A2918F92D5700BA23BE /* VBTableViewController.m in Sources */ = {isa = PBXBuildFile; fileRef = 4AFD2A2818F92D5700BA23BE /* VBTableViewController.m */; };
/* End PBXBuildFile section */

/* Begin PBXContainerItemProxy section */
		4AFD2A1518F9299900BA23BE /* PBXContainerItemProxy */ = {
			isa = PBXContainerItemProxy;
			containerPortal = 4AFD29E718F9299900BA23BE /* Project object */;
			proxyType = 1;
			remoteGlobalIDString = 4AFD29EE18F9299900BA23BE;
			remoteInfo = VirtualBeacon;
		};
/* End PBXContainerItemProxy section */

/* Begin PBXFileReference section */
		4AFD29EF18F9299900BA23BE /* VirtualBeacon.app */ = {isa = PBXFileReference; explicitFileType = wrapper.application; includeInIndex = 0; path = VirtualBeacon.app; sourceTree = BUILT_PRODUCTS_DIR; };
		4AFD29F218F9299900BA23BE /* Foundation.framework */ = {isa = PBXFileReference; lastKnownFileType = wrapper.framework; name = Foundation.framework; path = System/Library/Frameworks/Foundation.framework; sourceTree = SDKROOT; };
		4AFD29F418F9299900BA23BE /* CoreGraphics.framework */ = {isa = PBXFileReference; lastKnownFileType = wrapper.framework; name = CoreGraphics.framework; path = System/Library/Frameworks/CoreGraphics.framework; sourceTree = SDKROOT; };
		4AFD29F618F9299900BA23BE /* UIKit.framework */ = {isa = PBXFileReference; lastKnownFileType = wrapper.framework; name = UIKit.framework; path = System/Library/Frameworks/UIKit.framework; sourceTree = SDKROOT; };
		4AFD29FA18F9299900BA23BE /* VirtualBeacon-Info.plist */ = {isa = PBXFileReference; lastKnownFileType = text.plist.xml; path = "VirtualBeacon-Info.plist"; sourceTree = "<group>"; };
		4AFD29FC18F9299900BA23BE /* en */ = {isa = PBXFileReference; lastKnownFileType = text.plist.strings; name = en; path = en.lproj/InfoPlist.strings; sourceTree = "<group>"; };
		4AFD29FE18F9299900BA23BE /* main.m */ = {isa = PBXFileReference; lastKnownFileType = sourcecode.c.objc; path = main.m; sourceTree = "<group>"; };
		4AFD2A0018F9299900BA23BE /* VirtualBeacon-Prefix.pch */ = {isa = PBXFileReference; lastKnownFileType = sourcecode.c.h; path = "VirtualBeacon-Prefix.pch"; sourceTree = "<group>"; };
		4AFD2A0118F9299900BA23BE /* VBAppDelegate.h */ = {isa = PBXFileReference; lastKnownFileType = sourcecode.c.h; path = VBAppDelegate.h; sourceTree = "<group>"; };
		4AFD2A0218F9299900BA23BE /* VBAppDelegate.m */ = {isa = PBXFileReference; lastKnownFileType = sourcecode.c.objc; path = VBAppDelegate.m; sourceTree = "<group>"; };
		4AFD2A0518F9299900BA23BE /* Base */ = {isa = PBXFileReference; lastKnownFileType = file.storyboard; name = Base; path = Base.lproj/Main.storyboard; sourceTree = "<group>"; };
		4AFD2A0A18F9299900BA23BE /* Images.xcassets */ = {isa = PBXFileReference; lastKnownFileType = folder.assetcatalog; path = Images.xcassets; sourceTree = "<group>"; };
		4AFD2A1018F9299900BA23BE /* VirtualBeaconTests.xctest */ = {isa = PBXFileReference; explicitFileType = wrapper.cfbundle; includeInIndex = 0; path = VirtualBeaconTests.xctest; sourceTree = BUILT_PRODUCTS_DIR; };
		4AFD2A1118F9299900BA23BE /* XCTest.framework */ = {isa = PBXFileReference; lastKnownFileType = wrapper.framework; name = XCTest.framework; path = Library/Frameworks/XCTest.framework; sourceTree = DEVELOPER_DIR; };
		4AFD2A1918F9299900BA23BE /* VirtualBeaconTests-Info.plist */ = {isa = PBXFileReference; lastKnownFileType = text.plist.xml; path = "VirtualBeaconTests-Info.plist"; sourceTree = "<group>"; };
		4AFD2A1B18F9299900BA23BE /* en */ = {isa = PBXFileReference; lastKnownFileType = text.plist.strings; name = en; path = en.lproj/InfoPlist.strings; sourceTree = "<group>"; };
		4AFD2A1D18F9299900BA23BE /* VirtualBeaconTests.m */ = {isa = PBXFileReference; lastKnownFileType = sourcecode.c.objc; path = VirtualBeaconTests.m; sourceTree = "<group>"; };
		4AFD2A2718F92D5700BA23BE /* VBTableViewController.h */ = {isa = PBXFileReference; fileEncoding = 4; lastKnownFileType = sourcecode.c.h; path = VBTableViewController.h; sourceTree = "<group>"; };
		4AFD2A2818F92D5700BA23BE /* VBTableViewController.m */ = {isa = PBXFileReference; fileEncoding = 4; lastKnownFileType = sourcecode.c.objc; path = VBTableViewController.m; sourceTree = "<group>"; };
/* End PBXFileReference section */

/* Begin PBXFrameworksBuildPhase section */
		4AFD29EC18F9299900BA23BE /* Frameworks */ = {
			isa = PBXFrameworksBuildPhase;
			buildActionMask = 2147483647;
			files = (
				4AFD29F518F9299900BA23BE /* CoreGraphics.framework in Frameworks */,
				4AFD29F718F9299900BA23BE /* UIKit.framework in Frameworks */,
				4AFD29F318F9299900BA23BE /* Foundation.framework in Frameworks */,
			);
			runOnlyForDeploymentPostprocessing = 0;
		};
		4AFD2A0D18F9299900BA23BE /* Frameworks */ = {
			isa = PBXFrameworksBuildPhase;
			buildActionMask = 2147483647;
			files = (
				4AFD2A1218F9299900BA23BE /* XCTest.framework in Frameworks */,
				4AFD2A1418F9299900BA23BE /* UIKit.framework in Frameworks */,
				4AFD2A1318F9299900BA23BE /* Foundation.framework in Frameworks */,
			);
			runOnlyForDeploymentPostprocessing = 0;
		};
/* End PBXFrameworksBuildPhase section */

/* Begin PBXGroup section */
		4AFD29E618F9299900BA23BE = {
			isa = PBXGroup;
			children = (
				4AFD29F818F9299900BA23BE /* VirtualBeacon */,
				4AFD2A1718F9299900BA23BE /* VirtualBeaconTests */,
				4AFD29F118F9299900BA23BE /* Frameworks */,
				4AFD29F018F9299900BA23BE /* Products */,
			);
			sourceTree = "<group>";
		};
		4AFD29F018F9299900BA23BE /* Products */ = {
			isa = PBXGroup;
			children = (
				4AFD29EF18F9299900BA23BE /* VirtualBeacon.app */,
				4AFD2A1018F9299900BA23BE /* VirtualBeaconTests.xctest */,
			);
			name = Products;
			sourceTree = "<group>";
		};
		4AFD29F118F9299900BA23BE /* Frameworks */ = {
			isa = PBXGroup;
			children = (
				4AFD29F218F9299900BA23BE /* Foundation.framework */,
				4AFD29F418F9299900BA23BE /* CoreGraphics.framework */,
				4AFD29F618F9299900BA23BE /* UIKit.framework */,
				4AFD2A1118F9299900BA23BE /* XCTest.framework */,
			);
			name = Frameworks;
			sourceTree = "<group>";
		};
		4AFD29F818F9299900BA23BE /* VirtualBeacon */ = {
			isa = PBXGroup;
			children = (
				4AFD2A0118F9299900BA23BE /* VBAppDelegate.h */,
				4AFD2A0218F9299900BA23BE /* VBAppDelegate.m */,
				4AFD2A0418F9299900BA23BE /* Main.storyboard */,
				4AFD2A2718F92D5700BA23BE /* VBTableViewController.h */,
				4AFD2A2818F92D5700BA23BE /* VBTableViewController.m */,
				4AFD2A0A18F9299900BA23BE /* Images.xcassets */,
				4AFD29F918F9299900BA23BE /* Supporting Files */,
			);
			path = VirtualBeacon;
			sourceTree = "<group>";
		};
		4AFD29F918F9299900BA23BE /* Supporting Files */ = {
			isa = PBXGroup;
			children = (
				4AFD29FA18F9299900BA23BE /* VirtualBeacon-Info.plist */,
				4AFD29FB18F9299900BA23BE /* InfoPlist.strings */,
				4AFD29FE18F9299900BA23BE /* main.m */,
				4AFD2A0018F9299900BA23BE /* VirtualBeacon-Prefix.pch */,
			);
			name = "Supporting Files";
			sourceTree = "<group>";
		};
		4AFD2A1718F9299900BA23BE /* VirtualBeaconTests */ = {
			isa = PBXGroup;
			children = (
				4AFD2A1D18F9299900BA23BE /* VirtualBeaconTests.m */,
				4AFD2A1818F9299900BA23BE /* Supporting Files */,
			);
			path = VirtualBeaconTests;
			sourceTree = "<group>";
		};
		4AFD2A1818F9299900BA23BE /* Supporting Files */ = {
			isa = PBXGroup;
			children = (
				4AFD2A1918F9299900BA23BE /* VirtualBeaconTests-Info.plist */,
				4AFD2A1A18F9299900BA23BE /* InfoPlist.strings */,
			);
			name = "Supporting Files";
			sourceTree = "<group>";
		};
/* End PBXGroup section */

/* Begin PBXNativeTarget section */
		4AFD29EE18F9299900BA23BE /* VirtualBeacon */ = {
			isa = PBXNativeTarget;
			buildConfigurationList = 4AFD2A2118F9299900BA23BE /* Build configuration list for PBXNativeTarget "VirtualBeacon" */;
			buildPhases = (
				4AFD29EB18F9299900BA23BE /* Sources */,
				4AFD29EC18F9299900BA23BE /* Frameworks */,
				4AFD29ED18F9299900BA23BE /* Resources */,
			);
			buildRules = (
			);
			dependencies = (
			);
			name = VirtualBeacon;
			productName = VirtualBeacon;
			productReference = 4AFD29EF18F9299900BA23BE /* VirtualBeacon.app */;
			productType = "com.apple.product-type.application";
		};
		4AFD2A0F18F9299900BA23BE /* VirtualBeaconTests */ = {
			isa = PBXNativeTarget;
			buildConfigurationList = 4AFD2A2418F9299900BA23BE /* Build configuration list for PBXNativeTarget "VirtualBeaconTests" */;
			buildPhases = (
				4AFD2A0C18F9299900BA23BE /* Sources */,
				4AFD2A0D18F9299900BA23BE /* Frameworks */,
				4AFD2A0E18F9299900BA23BE /* Resources */,
			);
			buildRules = (
			);
			dependencies = (
				4AFD2A1618F9299900BA23BE /* PBXTargetDependency */,
			);
			name = VirtualBeaconTests;
			productName = VirtualBeaconTests;
			productReference = 4AFD2A1018F9299900BA23BE /* VirtualBeaconTests.xctest */;
			productType = "com.apple.product-type.bundle.unit-test";
		};
/* End PBXNativeTarget section */

/* Begin PBXProject section */
		4AFD29E718F9299900BA23BE /* Project object */ = {
			isa = PBXProject;
			attributes = {
				CLASSPREFIX = VB;
				LastUpgradeCheck = 0510;
				ORGANIZATIONNAME = Tommy;
				TargetAttributes = {
					4AFD2A0F18F9299900BA23BE = {
						TestTargetID = 4AFD29EE18F9299900BA23BE;
					};
				};
			};
			buildConfigurationList = 4AFD29EA18F9299900BA23BE /* Build configuration list for PBXProject "VirtualBeacon" */;
			compatibilityVersion = "Xcode 3.2";
			developmentRegion = English;
			hasScannedForEncodings = 0;
			knownRegions = (
				en,
				Base,
			);
			mainGroup = 4AFD29E618F9299900BA23BE;
			productRefGroup = 4AFD29F018F9299900BA23BE /* Products */;
			projectDirPath = "";
			projectRoot = "";
			targets = (
				4AFD29EE18F9299900BA23BE /* VirtualBeacon */,
				4AFD2A0F18F9299900BA23BE /* VirtualBeaconTests */,
			);
		};
/* End PBXProject section */

/* Begin PBXResourcesBuildPhase section */
		4AFD29ED18F9299900BA23BE /* Resources */ = {
			isa = PBXResourcesBuildPhase;
			buildActionMask = 2147483647;
			files = (
				4AFD2A0B18F9299900BA23BE /* Images.xcassets in Resources */,
				4AFD29FD18F9299900BA23BE /* InfoPlist.strings in Resources */,
				4AFD2A0618F9299900BA23BE /* Main.storyboard in Resources */,
			);
			runOnlyForDeploymentPostprocessing = 0;
		};
		4AFD2A0E18F9299900BA23BE /* Resources */ = {
			isa = PBXResourcesBuildPhase;
			buildActionMask = 2147483647;
			files = (
				4AFD2A1C18F9299900BA23BE /* InfoPlist.strings in Resources */,
			);
			runOnlyForDeploymentPostprocessing = 0;
		};
/* End PBXResourcesBuildPhase section */

/* Begin PBXSourcesBuildPhase section */
		4AFD29EB18F9299900BA23BE /* Sources */ = {
			isa = PBXSourcesBuildPhase;
			buildActionMask = 2147483647;
			files = (
				4AFD2A0318F9299900BA23BE /* VBAppDelegate.m in Sources */,
				4AFD2A2918F92D5700BA23BE /* VBTableViewController.m in Sources */,
				4AFD29FF18F9299900BA23BE /* main.m in Sources */,
			);
			runOnlyForDeploymentPostprocessing = 0;
		};
		4AFD2A0C18F9299900BA23BE /* Sources */ = {
			isa = PBXSourcesBuildPhase;
			buildActionMask = 2147483647;
			files = (
				4AFD2A1E18F9299900BA23BE /* VirtualBeaconTests.m in Sources */,
			);
			runOnlyForDeploymentPostprocessing = 0;
		};
/* End PBXSourcesBuildPhase section */

/* Begin PBXTargetDependency section */
		4AFD2A1618F9299900BA23BE /* PBXTargetDependency */ = {
			isa = PBXTargetDependency;
			target = 4AFD29EE18F9299900BA23BE /* VirtualBeacon */;
			targetProxy = 4AFD2A1518F9299900BA23BE /* PBXContainerItemProxy */;
		};
/* End PBXTargetDependency section */

/* Begin PBXVariantGroup section */
		4AFD29FB18F9299900BA23BE /* InfoPlist.strings */ = {
			isa = PBXVariantGroup;
			children = (
				4AFD29FC18F9299900BA23BE /* en */,
			);
			name = InfoPlist.strings;
			sourceTree = "<group>";
		};
		4AFD2A0418F9299900BA23BE /* Main.storyboard */ = {
			isa = PBXVariantGroup;
			children = (
				4AFD2A0518F9299900BA23BE /* Base */,
			);
			name = Main.storyboard;
			sourceTree = "<group>";
		};
		4AFD2A1A18F9299900BA23BE /* InfoPlist.strings */ = {
			isa = PBXVariantGroup;
			children = (
				4AFD2A1B18F9299900BA23BE /* en */,
			);
			name = InfoPlist.strings;
			sourceTree = "<group>";
		};
/* End PBXVariantGroup section */

/* Begin XCBuildConfiguration section */
		4AFD2A1F18F9299900BA23BE /* Debug */ = {
			isa = XCBuildConfiguration;
			buildSettings = {
				ALWAYS_SEARCH_USER_PATHS = NO;
				CLANG_CXX_LANGUAGE_STANDARD = "gnu++0x";
				CLANG_CXX_LIBRARY = "libc++";
				CLANG_ENABLE_MODULES = YES;
				CLANG_ENABLE_OBJC_ARC = YES;
				CLANG_WARN_BOOL_CONVERSION = YES;
				CLANG_WARN_CONSTANT_CONVERSION = YES;
				CLANG_WARN_DIRECT_OBJC_ISA_USAGE = YES_ERROR;
				CLANG_WARN_EMPTY_BODY = YES;
				CLANG_WARN_ENUM_CONVERSION = YES;
				CLANG_WARN_INT_CONVERSION = YES;
				CLANG_WARN_OBJC_ROOT_CLASS = YES_ERROR;
				CLANG_WARN__DUPLICATE_METHOD_MATCH = YES;
				"CODE_SIGN_IDENTITY[sdk=iphoneos*]" = "iPhone Developer";
				COPY_PHASE_STRIP = NO;
				GCC_C_LANGUAGE_STANDARD = gnu99;
				GCC_DYNAMIC_NO_PIC = NO;
				GCC_OPTIMIZATION_LEVEL = 0;
				GCC_PREPROCESSOR_DEFINITIONS = (
					"DEBUG=1",
					"$(inherited)",
				);
				GCC_SYMBOLS_PRIVATE_EXTERN = NO;
				GCC_WARN_64_TO_32_BIT_CONVERSION = YES;
				GCC_WARN_ABOUT_RETURN_TYPE = YES_ERROR;
				GCC_WARN_UNDECLARED_SELECTOR = YES;
				GCC_WARN_UNINITIALIZED_AUTOS = YES_AGGRESSIVE;
				GCC_WARN_UNUSED_FUNCTION = YES;
				GCC_WARN_UNUSED_VARIABLE = YES;
				IPHONEOS_DEPLOYMENT_TARGET = 7.1;
				ONLY_ACTIVE_ARCH = YES;
				SDKROOT = iphoneos;
			};
			name = Debug;
		};
		4AFD2A2018F9299900BA23BE /* Release */ = {
			isa = XCBuildConfiguration;
			buildSettings = {
				ALWAYS_SEARCH_USER_PATHS = NO;
				CLANG_CXX_LANGUAGE_STANDARD = "gnu++0x";
				CLANG_CXX_LIBRARY = "libc++";
				CLANG_ENABLE_MODULES = YES;
				CLANG_ENABLE_OBJC_ARC = YES;
				CLANG_WARN_BOOL_CONVERSION = YES;
				CLANG_WARN_CONSTANT_CONVERSION = YES;
				CLANG_WARN_DIRECT_OBJC_ISA_USAGE = YES_ERROR;
				CLANG_WARN_EMPTY_BODY = YES;
				CLANG_WARN_ENUM_CONVERSION = YES;
				CLANG_WARN_INT_CONVERSION = YES;
				CLANG_WARN_OBJC_ROOT_CLASS = YES_ERROR;
				CLANG_WARN__DUPLICATE_METHOD_MATCH = YES;
				"CODE_SIGN_IDENTITY[sdk=iphoneos*]" = "iPhone Developer";
				COPY_PHASE_STRIP = YES;
				ENABLE_NS_ASSERTIONS = NO;
				GCC_C_LANGUAGE_STANDARD = gnu99;
				GCC_WARN_64_TO_32_BIT_CONVERSION = YES;
				GCC_WARN_ABOUT_RETURN_TYPE = YES_ERROR;
				GCC_WARN_UNDECLARED_SELECTOR = YES;
				GCC_WARN_UNINITIALIZED_AUTOS = YES_AGGRESSIVE;
				GCC_WARN_UNUSED_FUNCTION = YES;
				GCC_WARN_UNUSED_VARIABLE = YES;
				IPHONEOS_DEPLOYMENT_TARGET = 7.1;
				SDKROOT = iphoneos;
				VALIDATE_PRODUCT = YES;
			};
			name = Release;
		};
		4AFD2A2218F9299900BA23BE /* Debug */ = {
			isa = XCBuildConfiguration;
			buildSettings = {
				ASSETCATALOG_COMPILER_APPICON_NAME = AppIcon;
				ASSETCATALOG_COMPILER_LAUNCHIMAGE_NAME = LaunchImage;
				GCC_PRECOMPILE_PREFIX_HEADER = YES;
				GCC_PREFIX_HEADER = "VirtualBeacon/VirtualBeacon-Prefix.pch";
				INFOPLIST_FILE = "VirtualBeacon/VirtualBeacon-Info.plist";
				IPHONEOS_DEPLOYMENT_TARGET = 7.0;
				PRODUCT_NAME = "$(TARGET_NAME)";
				WRAPPER_EXTENSION = app;
			};
			name = Debug;
		};
		4AFD2A2318F9299900BA23BE /* Release */ = {
			isa = XCBuildConfiguration;
			buildSettings = {
				ASSETCATALOG_COMPILER_APPICON_NAME = AppIcon;
				ASSETCATALOG_COMPILER_LAUNCHIMAGE_NAME = LaunchImage;
				GCC_PRECOMPILE_PREFIX_HEADER = YES;
				GCC_PREFIX_HEADER = "VirtualBeacon/VirtualBeacon-Prefix.pch";
				INFOPLIST_FILE = "VirtualBeacon/VirtualBeacon-Info.plist";
				IPHONEOS_DEPLOYMENT_TARGET = 7.0;
				PRODUCT_NAME = "$(TARGET_NAME)";
				WRAPPER_EXTENSION = app;
			};
			name = Release;
		};
		4AFD2A2518F9299900BA23BE /* Debug */ = {
			isa = XCBuildConfiguration;
			buildSettings = {
				BUNDLE_LOADER = "$(BUILT_PRODUCTS_DIR)/VirtualBeacon.app/VirtualBeacon";
				FRAMEWORK_SEARCH_PATHS = (
					"$(SDKROOT)/Developer/Library/Frameworks",
					"$(inherited)",
					"$(DEVELOPER_FRAMEWORKS_DIR)",
				);
				GCC_PRECOMPILE_PREFIX_HEADER = YES;
				GCC_PREFIX_HEADER = "VirtualBeacon/VirtualBeacon-Prefix.pch";
				GCC_PREPROCESSOR_DEFINITIONS = (
					"DEBUG=1",
					"$(inherited)",
				);
				INFOPLIST_FILE = "VirtualBeaconTests/VirtualBeaconTests-Info.plist";
				PRODUCT_NAME = "$(TARGET_NAME)";
				TEST_HOST = "$(BUNDLE_LOADER)";
				WRAPPER_EXTENSION = xctest;
			};
			name = Debug;
		};
		4AFD2A2618F9299900BA23BE /* Release */ = {
			isa = XCBuildConfiguration;
			buildSettings = {
				BUNDLE_LOADER = "$(BUILT_PRODUCTS_DIR)/VirtualBeacon.app/VirtualBeacon";
				FRAMEWORK_SEARCH_PATHS = (
					"$(SDKROOT)/Developer/Library/Frameworks",
					"$(inherited)",
					"$(DEVELOPER_FRAMEWORKS_DIR)",
				);
				GCC_PRECOMPILE_PREFIX_HEADER = YES;
				GCC_PREFIX_HEADER = "VirtualBeacon/VirtualBeacon-Prefix.pch";
				INFOPLIST_FILE = "VirtualBeaconTests/VirtualBeaconTests-Info.plist";
				PRODUCT_NAME = "$(TARGET_NAME)";
				TEST_HOST = "$(BUNDLE_LOADER)";
				WRAPPER_EXTENSION = xctest;
			};
			name = Release;
		};
/* End XCBuildConfiguration section */

/* Begin XCConfigurationList section */
		4AFD29EA18F9299900BA23BE /* Build configuration list for PBXProject "VirtualBeacon" */ = {
			isa = XCConfigurationList;
			buildConfigurations = (
				4AFD2A1F18F9299900BA23BE /* Debug */,
				4AFD2A2018F9299900BA23BE /* Release */,
			);
			defaultConfigurationIsVisible = 0;
			defaultConfigurationName = Release;
		};
		4AFD2A2118F9299900BA23BE /* Build configuration list for PBXNativeTarget "VirtualBeacon" */ = {
			isa = XCConfigurationList;
			buildConfigurations = (
				4AFD2A2218F9299900BA23BE /* Debug */,
				4AFD2A2318F9299900BA23BE /* Release */,
			);
			defaultConfigurationIsVisible = 0;
		};
		4AFD2A2418F9299900BA23BE /* Build configuration list for PBXNativeTarget "VirtualBeaconTests" */ = {
			isa = XCConfigurationList;
			buildConfigurations = (
				4AFD2A2518F9299900BA23BE /* Debug */,
				4AFD2A2618F9299900BA23BE /* Release */,
			);
			defaultConfigurationIsVisible = 0;
		};
/* End XCConfigurationList section */
	};
	rootObject = 4AFD29E718F9299900BA23BE /* Project object */;
}
